{
	"name": "share",
	"requires": true,
	"lockfileVersion": 1,
	"dependencies": {
		"accepts": {
			"version": "1.3.5",
			"resolved": "https://registry.npmjs.org/accepts/-/accepts-1.3.5.tgz",
			"integrity": "sha1-63d99gEXI6OxTopywIBcjoZ0a9I=",
			"dev": true,
			"requires": {
				"mime-types": "~2.1.18",
				"negotiator": "0.6.1"
			}
		},
		"bson": {
			"version": "1.1.0",
			"resolved": "https://registry.npmjs.org/bson/-/bson-1.1.0.tgz",
			"integrity": "sha512-9Aeai9TacfNtWXOYarkFJRW2CWo+dRon+fuLZYJmvLV3+MiUp0bEI6IAZfXEIg7/Pl/7IWlLaDnhzTsD81etQA==",
			"dev": true
		},
		"depd": {
			"version": "1.1.2",
			"resolved": "https://registry.npmjs.org/depd/-/depd-1.1.2.tgz",
			"integrity": "sha1-m81S4UwJd2PnSbJ0xDRu0uVgtak=",
			"dev": true
		},
		"fresh": {
			"version": "0.5.2",
			"resolved": "https://registry.npmjs.org/fresh/-/fresh-0.5.2.tgz",
			"integrity": "sha1-PYyt2Q2XZWn6g1qx+OSyOhBWBac=",
			"dev": true
		},
		"media-typer": {
			"version": "0.3.0",
			"resolved": "http://registry.npmjs.org/media-typer/-/media-typer-0.3.0.tgz",
			"integrity": "sha1-hxDXrwqmJvj/+hzgAWhUUmMlV0g=",
			"dev": true
		},
		"memory-pager": {
			"version": "1.1.0",
			"resolved": "https://registry.npmjs.org/memory-pager/-/memory-pager-1.1.0.tgz",
			"integrity": "sha512-Mf9OHV/Y7h6YWDxTzX/b4ZZ4oh9NSXblQL8dtPCOomOtZciEHxePR78+uHFLLlsk01A6jVHhHsQZZ/WcIPpnzg==",
			"dev": true,
			"optional": true
		},
		"merge-descriptors": {
			"version": "1.0.1",
			"resolved": "https://registry.npmjs.org/merge-descriptors/-/merge-descriptors-1.0.1.tgz",
			"integrity": "sha1-sAqqVW3YtEVoFQ7J0blT8/kMu2E=",
			"dev": true
		},
		"methods": {
			"version": "1.1.2",
			"resolved": "https://registry.npmjs.org/methods/-/methods-1.1.2.tgz",
			"integrity": "sha1-VSmk1nZUE07cxSZmVoNbD4Ua/O4=",
			"dev": true
		},
		"mime": {
			"version": "1.6.0",
			"resolved": "https://registry.npmjs.org/mime/-/mime-1.6.0.tgz",
			"integrity": "sha512-x0Vn8spI+wuJ1O6S7gnbaQg8Pxh4NNHb7KSINmEWKiPE4RKOplvijn+NkmYmmRgP68mc70j2EbeTFRsrswaQeg==",
			"dev": true
		},
		"mime-db": {
			"version": "1.37.0",
			"resolved": "https://registry.npmjs.org/mime-db/-/mime-db-1.37.0.tgz",
			"integrity": "sha512-R3C4db6bgQhlIhPU48fUtdVmKnflq+hRdad7IyKhtFj06VPNVdk2RhiYL3UjQIlso8L+YxAtFkobT0VK+S/ybg==",
			"dev": true
		},
		"mime-types": {
			"version": "2.1.21",
			"resolved": "https://registry.npmjs.org/mime-types/-/mime-types-2.1.21.tgz",
			"integrity": "sha512-3iL6DbwpyLzjR3xHSFNFeb9Nz/M8WDkX33t1GFQnFOllWk8pOrh/LSrB5OXlnlW5P9LH73X6loW/eogc+F5lJg==",
			"dev": true,
			"requires": {
				"mime-db": "~1.37.0"
			}
		},
		"mongodb": {
			"version": "3.1.10",
			"resolved": "https://registry.npmjs.org/mongodb/-/mongodb-3.1.10.tgz",
			"integrity": "sha512-Uml42GeFxhTGQVml1XQ4cD0o/rp7J2ROy0fdYUcVitoE7vFqEhKH4TYVqRDpQr/bXtCJVxJdNQC1ntRxNREkPQ==",
			"dev": true,
			"requires": {
				"mongodb-core": "3.1.9",
				"safe-buffer": "^5.1.2"
			}
		},
		"mongodb-core": {
			"version": "3.1.9",
			"resolved": "https://registry.npmjs.org/mongodb-core/-/mongodb-core-3.1.9.tgz",
			"integrity": "sha512-MJpciDABXMchrZphh3vMcqu8hkNf/Mi+Gk6btOimVg1XMxLXh87j6FAvRm+KmwD1A9fpu3qRQYcbQe4egj23og==",
			"dev": true,
			"requires": {
				"bson": "^1.1.0",
				"require_optional": "^1.0.1",
				"safe-buffer": "^5.1.2",
				"saslprep": "^1.0.0"
			}
		},
		"negotiator": {
			"version": "0.6.1",
			"resolved": "https://registry.npmjs.org/negotiator/-/negotiator-0.6.1.tgz",
			"integrity": "sha1-KzJxhOiZIQEXeyhWP7XnECrNDKk=",
			"dev": true
		},
		"net": {
			"version": "1.0.2",
			"resolved": "https://registry.npmjs.org/net/-/net-1.0.2.tgz",
			"integrity": "sha1-0XV+yaf7I3HYPPR1XOPifhCCk4g=",
			"dev": true
		},
		"node-mocks-http": {
			"version": "1.7.3",
			"resolved": "https://registry.npmjs.org/node-mocks-http/-/node-mocks-http-1.7.3.tgz",
			"integrity": "sha512-wayzLNhEroH3lJj113pFKQ1cd1GKG1mXoZR1HcKp/o9a9lTGGgVY/hYeLajiIFr/z4tXFKOdfJickqqihBtn9g==",
			"dev": true,
			"requires": {
				"accepts": "^1.3.5",
				"depd": "^1.1.0",
				"fresh": "^0.5.2",
				"merge-descriptors": "^1.0.1",
				"methods": "^1.1.2",
				"mime": "^1.3.4",
				"net": "^1.0.2",
				"parseurl": "^1.3.1",
				"range-parser": "^1.2.0",
				"type-is": "^1.6.16"
			}
		},
		"now-env": {
			"version": "3.1.0",
			"resolved": "https://registry.npmjs.org/now-env/-/now-env-3.1.0.tgz",
			"integrity": "sha512-f+jXC+UkoxD/g9Nlig99Bxswoh7UUuQxw0EsPfuueHnVpVE0LfgQ4el5dxY4TSXwrL9mEF9GGm0gb7r3K8r/ug==",
			"dev": true
		},
		"parseurl": {
			"version": "1.3.2",
			"resolved": "https://registry.npmjs.org/parseurl/-/parseurl-1.3.2.tgz",
			"integrity": "sha1-/CidTtiZMRlGDBViUyYs3I3mW/M=",
			"dev": true
		},
		"range-parser": {
			"version": "1.2.0",
			"resolved": "https://registry.npmjs.org/range-parser/-/range-parser-1.2.0.tgz",
			"integrity": "sha1-9JvmtIeJTdxA3MlKMi9hEJLgDV4=",
			"dev": true
		},
		"require_optional": {
			"version": "1.0.1",
			"resolved": "https://registry.npmjs.org/require_optional/-/require_optional-1.0.1.tgz",
			"integrity": "sha512-qhM/y57enGWHAe3v/NcwML6a3/vfESLe/sGM2dII+gEO0BpKRUkWZow/tyloNqJyN6kXSl3RyyM8Ll5D/sJP8g==",
			"dev": true,
			"requires": {
				"resolve-from": "^2.0.0",
				"semver": "^5.1.0"
			}
		},
		"resolve-from": {
			"version": "2.0.0",
			"resolved": "https://registry.npmjs.org/resolve-from/-/resolve-from-2.0.0.tgz",
			"integrity": "sha1-lICrIOlP+h2egKgEx+oUdhGWa1c=",
			"dev": true
		},
		"safe-buffer": {
			"version": "5.1.2",
			"resolved": "https://registry.npmjs.org/safe-buffer/-/safe-buffer-5.1.2.tgz",
			"integrity": "sha512-Gd2UZBJDkXlY7GbJxfsE8/nvKkUEU1G38c1siN6QP6a9PT9MmHB8GnpscSmMJSoF8LOIrt8ud/wPtojys4G6+g==",
			"dev": true
		},
		"saslprep": {
			"version": "1.0.2",
			"resolved": "https://registry.npmjs.org/saslprep/-/saslprep-1.0.2.tgz",
			"integrity": "sha512-4cDsYuAjXssUSjxHKRe4DTZC0agDwsCqcMqtJAQPzC74nJ7LfAJflAtC1Zed5hMzEQKj82d3tuzqdGNRsLJ4Gw==",
			"dev": true,
			"optional": true,
			"requires": {
				"sparse-bitfield": "^3.0.3"
			}
		},
		"semver": {
			"version": "5.6.0",
			"resolved": "https://registry.npmjs.org/semver/-/semver-5.6.0.tgz",
			"integrity": "sha512-RS9R6R35NYgQn++fkDWaOmqGoj4Ek9gGs+DPxNUZKuwE183xjJroKvyo1IzVFeXvUrvmALy6FWD5xrdJT25gMg==",
			"dev": true
		},
		"sparse-bitfield": {
			"version": "3.0.3",
			"resolved": "https://registry.npmjs.org/sparse-bitfield/-/sparse-bitfield-3.0.3.tgz",
			"integrity": "sha1-/0rm5oZWBWuks+eSqzM004JzyhE=",
			"dev": true,
			"optional": true,
			"requires": {
				"memory-pager": "^1.0.2"
			}
		},
		"type-is": {
			"version": "1.6.16",
			"resolved": "https://registry.npmjs.org/type-is/-/type-is-1.6.16.tgz",
			"integrity": "sha512-HRkVv/5qY2G6I8iab9cI7v1bOIdhm94dVjQCPFElW9W+3GeDOSHmy2EBYe4VTApuzolPcmgFTN3ftVJRKR2J9Q==",
			"dev": true,
			"requires": {
				"media-typer": "0.3.0",
				"mime-types": "~2.1.18"
			}
		}
	}
}
